
Microsoft Visual Studio Solution File, Format Version 12.00
# Visual Studio Version 17
VisualStudioVersion = 17.4.33110.190
MinimumVisualStudioVersion = 10.0.40219.1
Project("{FAE04EC0-301F-11D3-BF4B-00C04F79EFBC}") = "TRMDataManager", "TRMDataManager\TRMDataManager.csproj", "{4531161E-DA52-435F-9127-5D9D4ED1D6CB}"
EndProject
Project("{00D1A9C2-B5F0-4AF3-8072-F6C62B433612}") = "TRMData", "TRMData\TRMData.sqlproj", "{96CFC352-1997-47B5-B2AF-56A11227A1CF}"
EndProject
Global
	GlobalSection(SolutionConfigurationPlatforms) = preSolution
		Debug|Any CPU = Debug|Any CPU
		Release|Any CPU = Release|Any CPU
	EndGlobalSection
	GlobalSection(ProjectConfigurationPlatforms) = postSolution
		{4531161E-DA52-435F-9127-5D9D4ED1D6CB}.Debug|Any CPU.ActiveCfg = Debug|Any CPU
		{4531161E-DA52-435F-9127-5D9D4ED1D6CB}.Debug|Any CPU.Build.0 = Debug|Any CPU
		{4531161E-DA52-435F-9127-5D9D4ED1D6CB}.Release|Any CPU.ActiveCfg = Release|Any CPU
		{4531161E-DA52-435F-9127-5D9D4ED1D6CB}.Release|Any CPU.Build.0 = Release|Any CPU
		{96CFC352-1997-47B5-B2AF-56A11227A1CF}.Debug|Any CPU.ActiveCfg = Debug|Any CPU
		{96CFC352-1997-47B5-B2AF-56A11227A1CF}.Debug|Any CPU.Build.0 = Debug|Any CPU
		{96CFC352-1997-47B5-B2AF-56A11227A1CF}.Debug|Any CPU.Deploy.0 = Debug|Any CPU
		{96CFC352-1997-47B5-B2AF-56A11227A1CF}.Release|Any CPU.ActiveCfg = Release|Any CPU
		{96CFC352-1997-47B5-B2AF-56A11227A1CF}.Release|Any CPU.Build.0 = Release|Any CPU
		{96CFC352-1997-47B5-B2AF-56A11227A1CF}.Release|Any CPU.Deploy.0 = Release|Any CPU
	EndGlobalSection
	GlobalSection(SolutionProperties) = preSolution
		HideSolutionNode = FALSE
	EndGlobalSection
	GlobalSection(ExtensibilityGlobals) = postSolution
		SolutionGuid = {9E5BA2CB-E6E6-4A6F-B7AA-E9CAB6F890A8}
	EndGlobalSection
EndGlobal
