
Microsoft Visual Studio Solution File, Format Version 12.00
# Visual Studio Version 17
VisualStudioVersion = 17.4.33110.190
MinimumVisualStudioVersion = 10.0.40219.1
Project("{FAE04EC0-301F-11D3-BF4B-00C04F79EFBC}") = "TRMDataManager", "TRMDataManager\TRMDataManager.csproj", "{4531161E-DA52-435F-9127-5D9D4ED1D6CB}"
EndProject
Project("{00D1A9C2-B5F0-4AF3-8072-F6C62B433612}") = "TRMData", "TRMData\TRMData.sqlproj", "{96CFC352-1997-47B5-B2AF-56A11227A1CF}"
EndProject
Project("{FAE04EC0-301F-11D3-BF4B-00C04F79EFBC}") = "TRMDesktopUI", "TRMDesktopUI\TRMDesktopUI.csproj", "{C2E5D62E-F11E-47B2-AC01-30939FB935E4}"
EndProject
Project("{FAE04EC0-301F-11D3-BF4B-00C04F79EFBC}") = "TRMDataManager.Library", "TRMDataManager.Library\TRMDataManager.Library.csproj", "{0D0F4921-03A9-4D5B-BFCD-2542BEA70DCC}"
EndProject
Project("{FAE04EC0-301F-11D3-BF4B-00C04F79EFBC}") = "TRMDesktopUI.Ibrary", "TRMDesktopUI.Ibrary\TRMDesktopUI.Ibrary.csproj", "{68E7CE94-DDF3-40AF-9673-4D5EF2153BBF}"
EndProject
Global
	GlobalSection(SolutionConfigurationPlatforms) = preSolution
		Debug|Any CPU = Debug|Any CPU
		Release|Any CPU = Release|Any CPU
	EndGlobalSection
	GlobalSection(ProjectConfigurationPlatforms) = postSolution
		{4531161E-DA52-435F-9127-5D9D4ED1D6CB}.Debug|Any CPU.ActiveCfg = Debug|Any CPU
		{4531161E-DA52-435F-9127-5D9D4ED1D6CB}.Debug|Any CPU.Build.0 = Debug|Any CPU
		{4531161E-DA52-435F-9127-5D9D4ED1D6CB}.Release|Any CPU.ActiveCfg = Release|Any CPU
		{4531161E-DA52-435F-9127-5D9D4ED1D6CB}.Release|Any CPU.Build.0 = Release|Any CPU
		{96CFC352-1997-47B5-B2AF-56A11227A1CF}.Debug|Any CPU.ActiveCfg = Debug|Any CPU
		{96CFC352-1997-47B5-B2AF-56A11227A1CF}.Debug|Any CPU.Build.0 = Debug|Any CPU
		{96CFC352-1997-47B5-B2AF-56A11227A1CF}.Debug|Any CPU.Deploy.0 = Debug|Any CPU
		{96CFC352-1997-47B5-B2AF-56A11227A1CF}.Release|Any CPU.ActiveCfg = Release|Any CPU
		{96CFC352-1997-47B5-B2AF-56A11227A1CF}.Release|Any CPU.Build.0 = Release|Any CPU
		{96CFC352-1997-47B5-B2AF-56A11227A1CF}.Release|Any CPU.Deploy.0 = Release|Any CPU
		{C2E5D62E-F11E-47B2-AC01-30939FB935E4}.Debug|Any CPU.ActiveCfg = Debug|Any CPU
		{C2E5D62E-F11E-47B2-AC01-30939FB935E4}.Debug|Any CPU.Build.0 = Debug|Any CPU
		{C2E5D62E-F11E-47B2-AC01-30939FB935E4}.Release|Any CPU.ActiveCfg = Release|Any CPU
		{C2E5D62E-F11E-47B2-AC01-30939FB935E4}.Release|Any CPU.Build.0 = Release|Any CPU
		{0D0F4921-03A9-4D5B-BFCD-2542BEA70DCC}.Debug|Any CPU.ActiveCfg = Debug|Any CPU
		{0D0F4921-03A9-4D5B-BFCD-2542BEA70DCC}.Debug|Any CPU.Build.0 = Debug|Any CPU
		{0D0F4921-03A9-4D5B-BFCD-2542BEA70DCC}.Release|Any CPU.ActiveCfg = Release|Any CPU
		{0D0F4921-03A9-4D5B-BFCD-2542BEA70DCC}.Release|Any CPU.Build.0 = Release|Any CPU
		{68E7CE94-DDF3-40AF-9673-4D5EF2153BBF}.Debug|Any CPU.ActiveCfg = Debug|Any CPU
		{68E7CE94-DDF3-40AF-9673-4D5EF2153BBF}.Debug|Any CPU.Build.0 = Debug|Any CPU
		{68E7CE94-DDF3-40AF-9673-4D5EF2153BBF}.Release|Any CPU.ActiveCfg = Release|Any CPU
		{68E7CE94-DDF3-40AF-9673-4D5EF2153BBF}.Release|Any CPU.Build.0 = Release|Any CPU
	EndGlobalSection
	GlobalSection(SolutionProperties) = preSolution
		HideSolutionNode = FALSE
	EndGlobalSection
	GlobalSection(ExtensibilityGlobals) = postSolution
		SolutionGuid = {9E5BA2CB-E6E6-4A6F-B7AA-E9CAB6F890A8}
	EndGlobalSection
EndGlobal
